
Microsoft Visual Studio Solution File, Format Version 12.00
# Visual Studio 2012
Project("{FAE04EC0-301F-11D3-BF4B-00C04F79EFBC}") = "MiiCardProviderExample", "MiiCardProviderExample\MiiCardProviderExample.csproj", "{4C9F6992-F897-405F-873A-E46FB79FA29B}"
EndProject
Project("{FAE04EC0-301F-11D3-BF4B-00C04F79EFBC}") = "miiCard.Providers.ASPNet", "..\src\miiCard.Providers.ASPNet.csproj", "{9461A1FE-0284-46C0-86F2-D6BB077C6204}"
EndProject
Global
	GlobalSection(SolutionConfigurationPlatforms) = preSolution
		Debug|Any CPU = Debug|Any CPU
		Release|Any CPU = Release|Any CPU
	EndGlobalSection
	GlobalSection(ProjectConfigurationPlatforms) = postSolution
		{4C9F6992-F897-405F-873A-E46FB79FA29B}.Debug|Any CPU.ActiveCfg = Debug|Any CPU
		{4C9F6992-F897-405F-873A-E46FB79FA29B}.Debug|Any CPU.Build.0 = Debug|Any CPU
		{4C9F6992-F897-405F-873A-E46FB79FA29B}.Release|Any CPU.ActiveCfg = Release|Any CPU
		{4C9F6992-F897-405F-873A-E46FB79FA29B}.Release|Any CPU.Build.0 = Release|Any CPU
		{9461A1FE-0284-46C0-86F2-D6BB077C6204}.Debug|Any CPU.ActiveCfg = Debug|Any CPU
		{9461A1FE-0284-46C0-86F2-D6BB077C6204}.Debug|Any CPU.Build.0 = Debug|Any CPU
		{9461A1FE-0284-46C0-86F2-D6BB077C6204}.Release|Any CPU.ActiveCfg = Release|Any CPU
		{9461A1FE-0284-46C0-86F2-D6BB077C6204}.Release|Any CPU.Build.0 = Release|Any CPU
	EndGlobalSection
	GlobalSection(SolutionProperties) = preSolution
		HideSolutionNode = FALSE
	EndGlobalSection
EndGlobal
